
Microsoft Visual Studio Solution File, Format Version 12.00
# Visual Studio 14
VisualStudioVersion = 14.0.25420.1
MinimumVisualStudioVersion = 10.0.40219.1
Project("{FAE04EC0-301F-11D3-BF4B-00C04F79EFBC}") = "TestExcercises1", "TestExcercises1\TestExcercises1.csproj", "{2A12A0D0-3E14-493D-8336-D704F74369F0}"
EndProject
Project("{FAE04EC0-301F-11D3-BF4B-00C04F79EFBC}") = "TestExcercises1Tests", "TestExcercises1Tests\TestExcercises1Tests.csproj", "{A36E0A4F-C993-4556-87E4-20BF764CA846}"
EndProject
Global
	GlobalSection(SolutionConfigurationPlatforms) = preSolution
		Debug|Any CPU = Debug|Any CPU
		Release|Any CPU = Release|Any CPU
	EndGlobalSection
	GlobalSection(ProjectConfigurationPlatforms) = postSolution
		{2A12A0D0-3E14-493D-8336-D704F74369F0}.Debug|Any CPU.ActiveCfg = Debug|Any CPU
		{2A12A0D0-3E14-493D-8336-D704F74369F0}.Debug|Any CPU.Build.0 = Debug|Any CPU
		{2A12A0D0-3E14-493D-8336-D704F74369F0}.Release|Any CPU.ActiveCfg = Release|Any CPU
		{2A12A0D0-3E14-493D-8336-D704F74369F0}.Release|Any CPU.Build.0 = Release|Any CPU
		{A36E0A4F-C993-4556-87E4-20BF764CA846}.Debug|Any CPU.ActiveCfg = Debug|Any CPU
		{A36E0A4F-C993-4556-87E4-20BF764CA846}.Debug|Any CPU.Build.0 = Debug|Any CPU
		{A36E0A4F-C993-4556-87E4-20BF764CA846}.Release|Any CPU.ActiveCfg = Release|Any CPU
		{A36E0A4F-C993-4556-87E4-20BF764CA846}.Release|Any CPU.Build.0 = Release|Any CPU
	EndGlobalSection
	GlobalSection(SolutionProperties) = preSolution
		HideSolutionNode = FALSE
	EndGlobalSection
EndGlobal
